
Microsoft Visual Studio Solution File, Format Version 12.00
# Visual Studio Version 17
VisualStudioVersion = 17.1.32210.238
MinimumVisualStudioVersion = 10.0.40219.1
Project("{FAE04EC0-301F-11D3-BF4B-00C04F79EFBC}") = "lab_6_7", "lab_6_7\lab_6_7.csproj", "{FBC8D1CC-C84F-4F96-BC43-0D6419524B5B}"
EndProject
Global
	GlobalSection(SolutionConfigurationPlatforms) = preSolution
		Debug|Any CPU = Debug|Any CPU
		Release|Any CPU = Release|Any CPU
	EndGlobalSection
	GlobalSection(ProjectConfigurationPlatforms) = postSolution
		{FBC8D1CC-C84F-4F96-BC43-0D6419524B5B}.Debug|Any CPU.ActiveCfg = Debug|Any CPU
		{FBC8D1CC-C84F-4F96-BC43-0D6419524B5B}.Debug|Any CPU.Build.0 = Debug|Any CPU
		{FBC8D1CC-C84F-4F96-BC43-0D6419524B5B}.Release|Any CPU.ActiveCfg = Release|Any CPU
		{FBC8D1CC-C84F-4F96-BC43-0D6419524B5B}.Release|Any CPU.Build.0 = Release|Any CPU
	EndGlobalSection
	GlobalSection(SolutionProperties) = preSolution
		HideSolutionNode = FALSE
	EndGlobalSection
	GlobalSection(ExtensibilityGlobals) = postSolution
		SolutionGuid = {95757DF7-0130-48BD-A50D-A92231B2EF65}
	EndGlobalSection
EndGlobal
